
Microsoft Visual Studio Solution File, Format Version 12.00
# Visual Studio 15
Project("{FAE04EC0-301F-11D3-BF4B-00C04F79EFBC}") = "PasswordEncryption", "PasswordEncryption\PasswordEncryption.csproj", "{71E9D430-C1A1-4672-AD3C-3F5285B9964E}"
EndProject
Global
	GlobalSection(SolutionConfigurationPlatforms) = preSolution
		Debug|anycpu = Debug|anycpu
		Release|anycpu = Release|anycpu
	EndGlobalSection
	GlobalSection(ProjectConfigurationPlatforms) = postSolution
		{71E9D430-C1A1-4672-AD3C-3F5285B9964E}.Debug|anycpu.ActiveCfg = Debug|anycpu
		{71E9D430-C1A1-4672-AD3C-3F5285B9964E}.Debug|anycpu.Build.0 = Debug|anycpu
		{71E9D430-C1A1-4672-AD3C-3F5285B9964E}.Release|anycpu.ActiveCfg = Release|anycpu
		{71E9D430-C1A1-4672-AD3C-3F5285B9964E}.Release|anycpu.Build.0 = Release|anycpu
	EndGlobalSection
EndGlobal
